# @generated - this file is auto-generated by `mise lock` https://mise.jdx.dev/dev-tools/mise-lock.html

[[tools."cargo:wasm-bindgen-cli"]]
version = "0.2.126"
backend = "cargo:wasm-bindgen-cli"

[[tools.rust]]
version = "1.97.1"
backend = "core:rust"

[[tools."ubi:WebAssembly/binaryen"]]
version = "1.39.1"
backend = "ubi:WebAssembly/binaryen"

[tools."ubi:WebAssembly/binaryen".options]
exe = "wasm-opt"

[[tools."ubi:itchio/butler"]]
version = "15.30.0"
backend = "ubi:itchio/butler"
